
Microsoft Visual Studio Solution File, Format Version 12.00
# Visual Studio Version 17
VisualStudioVersion = 17.9.34728.123
MinimumVisualStudioVersion = 10.0.40219.1
Project("{FAE04EC0-301F-11D3-BF4B-00C04F79EFBC}") = "decimal to binary", "decimal to binary\decimal to binary.csproj", "{1764D165-5F47-41C1-B491-B060CE53ECC9}"
EndProject
Project("{2150E333-8FDC-42A3-9474-1A3956D46DE8}") = "Solution Items", "Solution Items", "{3DD70CC5-73D1-497F-BD72-BF71DBBE886B}"
	ProjectSection(SolutionItems) = preProject
		.editorconfig = .editorconfig
	EndProjectSection
EndProject
Global
	GlobalSection(SolutionConfigurationPlatforms) = preSolution
		Debug|Any CPU = Debug|Any CPU
		Release|Any CPU = Release|Any CPU
	EndGlobalSection
	GlobalSection(ProjectConfigurationPlatforms) = postSolution
		{1764D165-5F47-41C1-B491-B060CE53ECC9}.Debug|Any CPU.ActiveCfg = Debug|Any CPU
		{1764D165-5F47-41C1-B491-B060CE53ECC9}.Debug|Any CPU.Build.0 = Debug|Any CPU
		{1764D165-5F47-41C1-B491-B060CE53ECC9}.Release|Any CPU.ActiveCfg = Release|Any CPU
		{1764D165-5F47-41C1-B491-B060CE53ECC9}.Release|Any CPU.Build.0 = Release|Any CPU
	EndGlobalSection
	GlobalSection(SolutionProperties) = preSolution
		HideSolutionNode = FALSE
	EndGlobalSection
	GlobalSection(ExtensibilityGlobals) = postSolution
		SolutionGuid = {E2A5B24E-5962-4ADA-8C54-4ECAFBC2AEC4}
	EndGlobalSection
EndGlobal
